
Microsoft Visual Studio Solution File, Format Version 12.00
# Visual Studio Version 17
VisualStudioVersion = 17.7.34031.279
MinimumVisualStudioVersion = 10.0.40219.1
Project("{FAE04EC0-301F-11D3-BF4B-00C04F79EFBC}") = "Decoding ID number", "Decoding ID number.csproj", "{B3C3166F-3E05-4F83-8D91-6096D2F7272C}"
EndProject
Global
	GlobalSection(SolutionConfigurationPlatforms) = preSolution
		Debug|Any CPU = Debug|Any CPU
		Release|Any CPU = Release|Any CPU
	EndGlobalSection
	GlobalSection(ProjectConfigurationPlatforms) = postSolution
		{B3C3166F-3E05-4F83-8D91-6096D2F7272C}.Debug|Any CPU.ActiveCfg = Debug|Any CPU
		{B3C3166F-3E05-4F83-8D91-6096D2F7272C}.Debug|Any CPU.Build.0 = Debug|Any CPU
		{B3C3166F-3E05-4F83-8D91-6096D2F7272C}.Release|Any CPU.ActiveCfg = Release|Any CPU
		{B3C3166F-3E05-4F83-8D91-6096D2F7272C}.Release|Any CPU.Build.0 = Release|Any CPU
	EndGlobalSection
	GlobalSection(SolutionProperties) = preSolution
		HideSolutionNode = FALSE
	EndGlobalSection
	GlobalSection(ExtensibilityGlobals) = postSolution
		SolutionGuid = {12DF3B90-B66A-40AE-ACAF-6BD994A2131C}
	EndGlobalSection
EndGlobal
